
Microsoft Visual Studio Solution File, Format Version 12.00
# Visual Studio 2013
VisualStudioVersion = 12.0.40629.0
MinimumVisualStudioVersion = 10.0.40219.1
Project("{FAE04EC0-301F-11D3-BF4B-00C04F79EFBC}") = "ProdContact", "ProdContact\ProdContact.csproj", "{C28EEF6C-F732-41E3-8FCD-C7FFF019B5E4}"
EndProject
Global
	GlobalSection(SolutionConfigurationPlatforms) = preSolution
		Debug|Any CPU = Debug|Any CPU
		Release|Any CPU = Release|Any CPU
	EndGlobalSection
	GlobalSection(ProjectConfigurationPlatforms) = postSolution
		{C28EEF6C-F732-41E3-8FCD-C7FFF019B5E4}.Debug|Any CPU.ActiveCfg = Debug|Any CPU
		{C28EEF6C-F732-41E3-8FCD-C7FFF019B5E4}.Debug|Any CPU.Build.0 = Debug|Any CPU
		{C28EEF6C-F732-41E3-8FCD-C7FFF019B5E4}.Release|Any CPU.ActiveCfg = Release|Any CPU
		{C28EEF6C-F732-41E3-8FCD-C7FFF019B5E4}.Release|Any CPU.Build.0 = Release|Any CPU
		{10A4AF7D-B37C-4244-A4E8-4DE7495E51EE}.Debug|Any CPU.ActiveCfg = Debug|Any CPU
		{10A4AF7D-B37C-4244-A4E8-4DE7495E51EE}.Debug|Any CPU.Build.0 = Debug|Any CPU
		{10A4AF7D-B37C-4244-A4E8-4DE7495E51EE}.Release|Any CPU.ActiveCfg = Release|Any CPU
		{10A4AF7D-B37C-4244-A4E8-4DE7495E51EE}.Release|Any CPU.Build.0 = Release|Any CPU
	EndGlobalSection
	GlobalSection(SolutionProperties) = preSolution
		HideSolutionNode = FALSE
	EndGlobalSection
EndGlobal
