
Microsoft Visual Studio Solution File, Format Version 12.00
# Visual Studio 15
VisualStudioVersion = 15.0.28307.645
MinimumVisualStudioVersion = 10.0.40219.1
Project("{FAE04EC0-301F-11D3-BF4B-00C04F79EFBC}") = "ExpressDigital", "ExpressDigital\ExpressDigital.csproj", "{97DFFB1A-E1D1-4870-BFF1-E6B4A8B04C9D}"
EndProject
Project("{FAE04EC0-301F-11D3-BF4B-00C04F79EFBC}") = "NewScan", "NewScan\NewScan.csproj", "{10A4AF7D-B37C-4244-A4E8-4DE7495E51EE}"
EndProject
Global
	GlobalSection(SolutionConfigurationPlatforms) = preSolution
		Debug|Any CPU = Debug|Any CPU
		Release|Any CPU = Release|Any CPU
	EndGlobalSection
	GlobalSection(ProjectConfigurationPlatforms) = postSolution
		{97DFFB1A-E1D1-4870-BFF1-E6B4A8B04C9D}.Debug|Any CPU.ActiveCfg = Debug|Any CPU
		{97DFFB1A-E1D1-4870-BFF1-E6B4A8B04C9D}.Debug|Any CPU.Build.0 = Debug|Any CPU
		{97DFFB1A-E1D1-4870-BFF1-E6B4A8B04C9D}.Release|Any CPU.ActiveCfg = Release|Any CPU
		{97DFFB1A-E1D1-4870-BFF1-E6B4A8B04C9D}.Release|Any CPU.Build.0 = Release|Any CPU
		{10A4AF7D-B37C-4244-A4E8-4DE7495E51EE}.Debug|Any CPU.ActiveCfg = Debug|Any CPU
		{10A4AF7D-B37C-4244-A4E8-4DE7495E51EE}.Debug|Any CPU.Build.0 = Debug|Any CPU
		{10A4AF7D-B37C-4244-A4E8-4DE7495E51EE}.Release|Any CPU.ActiveCfg = Release|Any CPU
		{10A4AF7D-B37C-4244-A4E8-4DE7495E51EE}.Release|Any CPU.Build.0 = Release|Any CPU
	EndGlobalSection
	GlobalSection(SolutionProperties) = preSolution
		HideSolutionNode = FALSE
	EndGlobalSection
	GlobalSection(ExtensibilityGlobals) = postSolution
		SolutionGuid = {1D19AB12-09E8-4296-A7C8-3FA3E405ECCD}
	EndGlobalSection
EndGlobal
