
Microsoft Visual Studio Solution File, Format Version 12.00
# Visual Studio Version 17
VisualStudioVersion = 17.4.33205.214
MinimumVisualStudioVersion = 10.0.40219.1
Project("{FAE04EC0-301F-11D3-BF4B-00C04F79EFBC}") = "CDSN", "CDSN.csproj", "{54AF3389-C75D-414A-AED7-253A60BEF3BC}"
EndProject
Global
	GlobalSection(SolutionConfigurationPlatforms) = preSolution
		Debug|Any CPU = Debug|Any CPU
		Release|Any CPU = Release|Any CPU
	EndGlobalSection
	GlobalSection(ProjectConfigurationPlatforms) = postSolution
		{54AF3389-C75D-414A-AED7-253A60BEF3BC}.Debug|Any CPU.ActiveCfg = Debug|Any CPU
		{54AF3389-C75D-414A-AED7-253A60BEF3BC}.Debug|Any CPU.Build.0 = Debug|Any CPU
		{54AF3389-C75D-414A-AED7-253A60BEF3BC}.Release|Any CPU.ActiveCfg = Release|Any CPU
		{54AF3389-C75D-414A-AED7-253A60BEF3BC}.Release|Any CPU.Build.0 = Release|Any CPU
	EndGlobalSection
	GlobalSection(SolutionProperties) = preSolution
		HideSolutionNode = FALSE
	EndGlobalSection
	GlobalSection(ExtensibilityGlobals) = postSolution
		SolutionGuid = {3121BC2D-C158-4A13-9E95-FE62B0D39574}
	EndGlobalSection
EndGlobal
